
Microsoft Visual Studio Solution File, Format Version 12.00
# Visual Studio 15
VisualStudioVersion = 15.0.27004.2005
MinimumVisualStudioVersion = 10.0.40219.1
Project("{FAE04EC0-301F-11D3-BF4B-00C04F79EFBC}") = "sel-12", "sel-12\sel-12.csproj", "{0447D206-F532-4D30-B3B6-9CFD343A018C}"
EndProject
Global
	GlobalSection(SolutionConfigurationPlatforms) = preSolution
		Debug|Any CPU = Debug|Any CPU
		Release|Any CPU = Release|Any CPU
	EndGlobalSection
	GlobalSection(ProjectConfigurationPlatforms) = postSolution
		{0447D206-F532-4D30-B3B6-9CFD343A018C}.Debug|Any CPU.ActiveCfg = Debug|Any CPU
		{0447D206-F532-4D30-B3B6-9CFD343A018C}.Debug|Any CPU.Build.0 = Debug|Any CPU
		{0447D206-F532-4D30-B3B6-9CFD343A018C}.Release|Any CPU.ActiveCfg = Release|Any CPU
		{0447D206-F532-4D30-B3B6-9CFD343A018C}.Release|Any CPU.Build.0 = Release|Any CPU
	EndGlobalSection
	GlobalSection(SolutionProperties) = preSolution
		HideSolutionNode = FALSE
	EndGlobalSection
	GlobalSection(ExtensibilityGlobals) = postSolution
		SolutionGuid = {0A33F379-B409-46B6-B6D5-63AA342AD361}
	EndGlobalSection
EndGlobal
